
Microsoft Visual Studio Solution File, Format Version 12.00
# Visual Studio Version 16
VisualStudioVersion = 16.0.30320.27
MinimumVisualStudioVersion = 10.0.40219.1
Project("{9A19103F-16F7-4668-BE54-9A1E7A4F7556}") = "QueryProfiler", "QueryProfiler\QueryProfiler.csproj", "{639F1F97-5D00-4022-899A-E1B51431EEA3}"
EndProject
Project("{FAE04EC0-301F-11D3-BF4B-00C04F79EFBC}") = "OptimizationTest", "OptimizationTest\OptimizationTest.csproj", "{938312EB-1329-4ABB-8CB1-AEC7F800342A}"
EndProject
Project("{FAE04EC0-301F-11D3-BF4B-00C04F79EFBC}") = "QueryProfilerTest", "QueryProfilerTest\QueryProfilerTest.csproj", "{BD0D1FAD-4AFA-49E4-8ADF-7CFC583F0DD0}"
EndProject
Project("{2150E333-8FDC-42A3-9474-1A3956D46DE8}") = "Tests", "Tests", "{0BF6B3C6-65F1-4B16-8198-CA577DC4D8BE}"
EndProject
Global
	GlobalSection(SolutionConfigurationPlatforms) = preSolution
		Debug|Any CPU = Debug|Any CPU
		Release|Any CPU = Release|Any CPU
	EndGlobalSection
	GlobalSection(ProjectConfigurationPlatforms) = postSolution
		{639F1F97-5D00-4022-899A-E1B51431EEA3}.Debug|Any CPU.ActiveCfg = Debug|Any CPU
		{639F1F97-5D00-4022-899A-E1B51431EEA3}.Debug|Any CPU.Build.0 = Debug|Any CPU
		{639F1F97-5D00-4022-899A-E1B51431EEA3}.Release|Any CPU.ActiveCfg = Release|Any CPU
		{639F1F97-5D00-4022-899A-E1B51431EEA3}.Release|Any CPU.Build.0 = Release|Any CPU
		{938312EB-1329-4ABB-8CB1-AEC7F800342A}.Debug|Any CPU.ActiveCfg = Debug|Any CPU
		{938312EB-1329-4ABB-8CB1-AEC7F800342A}.Debug|Any CPU.Build.0 = Debug|Any CPU
		{938312EB-1329-4ABB-8CB1-AEC7F800342A}.Release|Any CPU.ActiveCfg = Release|Any CPU
		{938312EB-1329-4ABB-8CB1-AEC7F800342A}.Release|Any CPU.Build.0 = Release|Any CPU
		{BD0D1FAD-4AFA-49E4-8ADF-7CFC583F0DD0}.Debug|Any CPU.ActiveCfg = Debug|Any CPU
		{BD0D1FAD-4AFA-49E4-8ADF-7CFC583F0DD0}.Debug|Any CPU.Build.0 = Debug|Any CPU
		{BD0D1FAD-4AFA-49E4-8ADF-7CFC583F0DD0}.Release|Any CPU.ActiveCfg = Release|Any CPU
		{BD0D1FAD-4AFA-49E4-8ADF-7CFC583F0DD0}.Release|Any CPU.Build.0 = Release|Any CPU
	EndGlobalSection
	GlobalSection(SolutionProperties) = preSolution
		HideSolutionNode = FALSE
	EndGlobalSection
	GlobalSection(NestedProjects) = preSolution
		{938312EB-1329-4ABB-8CB1-AEC7F800342A} = {0BF6B3C6-65F1-4B16-8198-CA577DC4D8BE}
		{BD0D1FAD-4AFA-49E4-8ADF-7CFC583F0DD0} = {0BF6B3C6-65F1-4B16-8198-CA577DC4D8BE}
	EndGlobalSection
	GlobalSection(ExtensibilityGlobals) = postSolution
		SolutionGuid = {F0FC7090-B6A9-4299-BC59-46B0B6945426}
	EndGlobalSection
EndGlobal
